<Solution>
  <Project Path="MyScale.App/MyScale.App.csproj" Id="17a5b8ba-29fe-4698-9894-e4173f4bef31" />
  <Project Path="MyScale.Domain/MyScale.Domain.csproj" Id="12ee5fc4-bff3-4cd5-8948-cf0b1b89562f" />
  <Project Path="MyScale.Repository/MyScale.Repository.csproj" Id="9187114b-d471-4ed5-a9a0-e188d941c638" />
  <Project Path="MyScale.Service/MyScale.Service.csproj" Id="8a0ca5b2-f496-454c-b4cf-ea5a66183f19" />
  <Project Path="MyScale.Test/MyScale.Test.csproj" Id="8045e516-c88c-4e39-a362-39c5f41002e7" />
</Solution>
